
Microsoft Visual Studio Solution File, Format Version 12.00
# Visual Studio Version 17
VisualStudioVersion = 17.0.31903.59
MinimumVisualStudioVersion = 10.0.40219.1
Project("{2150E333-8FDC-42A3-9474-1A3956D46DE8}") = "src", "src", "{B903A453-663E-4C61-A435-9B48F7617F01}"
EndProject
Project("{FAE04EC0-301F-11D3-BF4B-00C04F79EFBC}") = "MicFX", "src\MicFX\MicFX.csproj", "{C6534CCE-045E-45B2-9B39-3C03E25CE1CC}"
EndProject
Global
	GlobalSection(SolutionConfigurationPlatforms) = preSolution
		Debug|Any CPU = Debug|Any CPU
		Release|Any CPU = Release|Any CPU
	EndGlobalSection
	GlobalSection(SolutionProperties) = preSolution
		HideSolutionNode = FALSE
	EndGlobalSection
	GlobalSection(ProjectConfigurationPlatforms) = postSolution
		{C6534CCE-045E-45B2-9B39-3C03E25CE1CC}.Debug|Any CPU.ActiveCfg = Debug|Any CPU
		{C6534CCE-045E-45B2-9B39-3C03E25CE1CC}.Debug|Any CPU.Build.0 = Debug|Any CPU
		{C6534CCE-045E-45B2-9B39-3C03E25CE1CC}.Release|Any CPU.ActiveCfg = Release|Any CPU
		{C6534CCE-045E-45B2-9B39-3C03E25CE1CC}.Release|Any CPU.Build.0 = Release|Any CPU
	EndGlobalSection
	GlobalSection(NestedProjects) = preSolution
		{C6534CCE-045E-45B2-9B39-3C03E25CE1CC} = {B903A453-663E-4C61-A435-9B48F7617F01}
	EndGlobalSection
EndGlobal
